
Microsoft Visual Studio Solution File, Format Version 12.00
# Visual Studio Version 16
VisualStudioVersion = 16.0.29230.47
MinimumVisualStudioVersion = 10.0.40219.1
Project("{FAE04EC0-301F-11D3-BF4B-00C04F79EFBC}") = "NameGenerator", "NameGenerator.csproj", "{7DF9229C-75B0-4DCC-B865-7B2CB0D5BF63}"
EndProject
Project("{FAE04EC0-301F-11D3-BF4B-00C04F79EFBC}") = "GUINameGenerator", "..\GUINameGenerator\GUINameGenerator.csproj", "{5A5675B7-0EEB-4782-817B-6752AC148831}"
EndProject
Global
	GlobalSection(SolutionConfigurationPlatforms) = preSolution
		Debug|Any CPU = Debug|Any CPU
		Release|Any CPU = Release|Any CPU
	EndGlobalSection
	GlobalSection(ProjectConfigurationPlatforms) = postSolution
		{7DF9229C-75B0-4DCC-B865-7B2CB0D5BF63}.Debug|Any CPU.ActiveCfg = Debug|Any CPU
		{7DF9229C-75B0-4DCC-B865-7B2CB0D5BF63}.Debug|Any CPU.Build.0 = Debug|Any CPU
		{7DF9229C-75B0-4DCC-B865-7B2CB0D5BF63}.Release|Any CPU.ActiveCfg = Release|Any CPU
		{7DF9229C-75B0-4DCC-B865-7B2CB0D5BF63}.Release|Any CPU.Build.0 = Release|Any CPU
		{5A5675B7-0EEB-4782-817B-6752AC148831}.Debug|Any CPU.ActiveCfg = Debug|Any CPU
		{5A5675B7-0EEB-4782-817B-6752AC148831}.Debug|Any CPU.Build.0 = Debug|Any CPU
		{5A5675B7-0EEB-4782-817B-6752AC148831}.Release|Any CPU.ActiveCfg = Release|Any CPU
		{5A5675B7-0EEB-4782-817B-6752AC148831}.Release|Any CPU.Build.0 = Release|Any CPU
	EndGlobalSection
	GlobalSection(SolutionProperties) = preSolution
		HideSolutionNode = FALSE
	EndGlobalSection
	GlobalSection(ExtensibilityGlobals) = postSolution
		SolutionGuid = {98FDA877-D05B-4CB3-B066-65B6612DD619}
	EndGlobalSection
EndGlobal
